// !$*UTF8*$!
{
	archiveVersion = 1;
	classes = {
	};
	objectVersion = 56;
	objects = {

/* Begin PBXBuildFile section */
		54168B2D28E275030000DF7F /* AlbumView.swift in Sources */ = {isa = PBXBuildFile; fileRef = 54168B2C28E275030000DF7F /* AlbumView.swift */; };
		54168B2F28E278E50000DF7F /* ImageManager.swift in Sources */ = {isa = PBXBuildFile; fileRef = 54168B2E28E278E50000DF7F /* ImageManager.swift */; };
		54168B3328E33E2E0000DF7F /* Hidden.swift in Sources */ = {isa = PBXBuildFile; fileRef = 54168B3228E33E2E0000DF7F /* Hidden.swift */; };
		5435E650290EF72600F8A331 /* Exporter.swift in Sources */ = {isa = PBXBuildFile; fileRef = 5435E64F290EF72600F8A331 /* Exporter.swift */; };
		5435E652290EFAE600F8A331 /* ExportRenderer.swift in Sources */ = {isa = PBXBuildFile; fileRef = 5435E651290EFAE600F8A331 /* ExportRenderer.swift */; };
		5435E656290EFD9C00F8A331 /* ExportShader.metal in Sources */ = {isa = PBXBuildFile; fileRef = 5435E655290EFD9C00F8A331 /* ExportShader.metal */; };
		545908A3291299E600B3A658 /* ExportResultView.swift in Sources */ = {isa = PBXBuildFile; fileRef = 545908A2291299E600B3A658 /* ExportResultView.swift */; };
		545908A62913F87E00B3A658 /* Kingfisher in Frameworks */ = {isa = PBXBuildFile; productRef = 545908A52913F87E00B3A658 /* Kingfisher */; };
		545908A929140C5500B3A658 /* Colors.swift in Sources */ = {isa = PBXBuildFile; fileRef = 545908A829140C5500B3A658 /* Colors.swift */; };
		545908AD291E67EF00B3A658 /* arrowRight.json in Resources */ = {isa = PBXBuildFile; fileRef = 545908AC291E67EF00B3A658 /* arrowRight.json */; };
		545908B7291E812B00B3A658 /* finish.json in Resources */ = {isa = PBXBuildFile; fileRef = 545908B6291E812B00B3A658 /* finish.json */; };
		545908B9291E828400B3A658 /* IAPManager.swift in Sources */ = {isa = PBXBuildFile; fileRef = 545908B8291E828400B3A658 /* IAPManager.swift */; };
		545908BB291E854E00B3A658 /* photo.json in Resources */ = {isa = PBXBuildFile; fileRef = 545908BA291E854E00B3A658 /* photo.json */; };
		545D578428DDFB2100A874DB /* SharedMetalDevice.swift in Sources */ = {isa = PBXBuildFile; fileRef = 545D578328DDFB2100A874DB /* SharedMetalDevice.swift */; };
		545D583328DEACC200A874DB /* Brightness.swift in Sources */ = {isa = PBXBuildFile; fileRef = 545D583228DEACC200A874DB /* Brightness.swift */; };
		545D583728DEB0FB00A874DB /* Brightness.metal in Sources */ = {isa = PBXBuildFile; fileRef = 545D583628DEB0FB00A874DB /* Brightness.metal */; };
		545FF9D929619DBB00BECC3C /* J8.png in Resources */ = {isa = PBXBuildFile; fileRef = 545FF9CC29619DBA00BECC3C /* J8.png */; };
		545FF9DA29619DBB00BECC3C /* J11.png in Resources */ = {isa = PBXBuildFile; fileRef = 545FF9CD29619DBA00BECC3C /* J11.png */; };
		545FF9DB29619DBB00BECC3C /* J12.png in Resources */ = {isa = PBXBuildFile; fileRef = 545FF9CE29619DBA00BECC3C /* J12.png */; };
		545FF9DC29619DBB00BECC3C /* J2.png in Resources */ = {isa = PBXBuildFile; fileRef = 545FF9CF29619DBA00BECC3C /* J2.png */; };
		545FF9DD29619DBB00BECC3C /* J9.png in Resources */ = {isa = PBXBuildFile; fileRef = 545FF9D029619DBA00BECC3C /* J9.png */; };
		545FF9DE29619DBB00BECC3C /* J10.png in Resources */ = {isa = PBXBuildFile; fileRef = 545FF9D129619DBA00BECC3C /* J10.png */; };
		545FF9DF29619DBB00BECC3C /* J1.png in Resources */ = {isa = PBXBuildFile; fileRef = 545FF9D229619DBA00BECC3C /* J1.png */; };
		545FF9E029619DBB00BECC3C /* J13.png in Resources */ = {isa = PBXBuildFile; fileRef = 545FF9D329619DBA00BECC3C /* J13.png */; };
		545FF9E129619DBB00BECC3C /* J5.png in Resources */ = {isa = PBXBuildFile; fileRef = 545FF9D429619DBA00BECC3C /* J5.png */; };
		545FF9E229619DBB00BECC3C /* J6.png in Resources */ = {isa = PBXBuildFile; fileRef = 545FF9D529619DBB00BECC3C /* J6.png */; };
		545FF9E329619DBB00BECC3C /* J3.png in Resources */ = {isa = PBXBuildFile; fileRef = 545FF9D629619DBB00BECC3C /* J3.png */; };
		545FF9E429619DBB00BECC3C /* J4.png in Resources */ = {isa = PBXBuildFile; fileRef = 545FF9D729619DBB00BECC3C /* J4.png */; };
		545FF9E529619DBB00BECC3C /* J7.png in Resources */ = {isa = PBXBuildFile; fileRef = 545FF9D829619DBB00BECC3C /* J7.png */; };
		54608CD4290AB87A00614B80 /* sample.png in Resources */ = {isa = PBXBuildFile; fileRef = 54608CD3290AB87A00614B80 /* sample.png */; };
		54608CDA290D9BC300614B80 /* Natural.png in Resources */ = {isa = PBXBuildFile; fileRef = 54608CD9290D9BC300614B80 /* Natural.png */; };
		546ED8C628F03C3700C62AE5 /* CameraView.swift in Sources */ = {isa = PBXBuildFile; fileRef = 546ED8C528F03C3700C62AE5 /* CameraView.swift */; };
		546ED8CB28F71C2F00C62AE5 /* ImageViewer.swift in Sources */ = {isa = PBXBuildFile; fileRef = 546ED8CA28F71C2F00C62AE5 /* ImageViewer.swift */; };
		549051C62944B412005D3353 /* GradientImageView.swift in Sources */ = {isa = PBXBuildFile; fileRef = 549051C52944B412005D3353 /* GradientImageView.swift */; };
		54D1727A295B3CA7006180FA /* Webtoon.png in Resources */ = {isa = PBXBuildFile; fileRef = 54D17279295B3CA7006180FA /* Webtoon.png */; };
		54D1727C295DBFB3006180FA /* circle.png in Resources */ = {isa = PBXBuildFile; fileRef = 54D1727B295DBFB3006180FA /* circle.png */; };
		54D1727E295DD85B006180FA /* FileManager+Extension.swift in Sources */ = {isa = PBXBuildFile; fileRef = 54D1727D295DD85B006180FA /* FileManager+Extension.swift */; };
		54D3589728DC7B6900A3AB4D /* WonyoungCameraApp.swift in Sources */ = {isa = PBXBuildFile; fileRef = 54D3589628DC7B6900A3AB4D /* WonyoungCameraApp.swift */; };
		54D3589928DC7B6900A3AB4D /* ContentView.swift in Sources */ = {isa = PBXBuildFile; fileRef = 54D3589828DC7B6900A3AB4D /* ContentView.swift */; };
		54D3589B28DC7B6A00A3AB4D /* Assets.xcassets in Resources */ = {isa = PBXBuildFile; fileRef = 54D3589A28DC7B6A00A3AB4D /* Assets.xcassets */; };
		54D3589E28DC7B6A00A3AB4D /* Preview Assets.xcassets in Resources */ = {isa = PBXBuildFile; fileRef = 54D3589D28DC7B6A00A3AB4D /* Preview Assets.xcassets */; };
		54D358A828DC7B6A00A3AB4D /* WonyoungCameraTests.swift in Sources */ = {isa = PBXBuildFile; fileRef = 54D358A728DC7B6A00A3AB4D /* WonyoungCameraTests.swift */; };
		54D358B228DC7B6A00A3AB4D /* WonyoungCameraUITests.swift in Sources */ = {isa = PBXBuildFile; fileRef = 54D358B128DC7B6A00A3AB4D /* WonyoungCameraUITests.swift */; };
		54D358B428DC7B6A00A3AB4D /* WonyoungCameraUITestsLaunchTests.swift in Sources */ = {isa = PBXBuildFile; fileRef = 54D358B328DC7B6A00A3AB4D /* WonyoungCameraUITestsLaunchTests.swift */; };
		54D358D928DC7BD900A3AB4D /* FilterScrollView.swift in Sources */ = {isa = PBXBuildFile; fileRef = 54D358C228DC7BD900A3AB4D /* FilterScrollView.swift */; };
		54D358DD28DC7BD900A3AB4D /* CornerRadius+Extensions.swift in Sources */ = {isa = PBXBuildFile; fileRef = 54D358C728DC7BD900A3AB4D /* CornerRadius+Extensions.swift */; };
		54D358DE28DC7BD900A3AB4D /* MetalCamera.swift in Sources */ = {isa = PBXBuildFile; fileRef = 54D358C928DC7BD900A3AB4D /* MetalCamera.swift */; };
		54D358DF28DC7BD900A3AB4D /* Shader.metal in Sources */ = {isa = PBXBuildFile; fileRef = 54D358CA28DC7BD900A3AB4D /* Shader.metal */; };
		54D358E028DC7BD900A3AB4D /* KernelShader.metal in Sources */ = {isa = PBXBuildFile; fileRef = 54D358CB28DC7BD900A3AB4D /* KernelShader.metal */; };
		54D358E128DC7BD900A3AB4D /* MetalCameraView.swift in Sources */ = {isa = PBXBuildFile; fileRef = 54D358CC28DC7BD900A3AB4D /* MetalCameraView.swift */; };
		54D358E228DC7BD900A3AB4D /* Renderer.swift in Sources */ = {isa = PBXBuildFile; fileRef = 54D358CD28DC7BD900A3AB4D /* Renderer.swift */; };
		54D358E728DC7BD900A3AB4D /* SoundManager.swift in Sources */ = {isa = PBXBuildFile; fileRef = 54D358D428DC7BD900A3AB4D /* SoundManager.swift */; };
		54D358E828DC7BD900A3AB4D /* HapticManager.swift in Sources */ = {isa = PBXBuildFile; fileRef = 54D358D528DC7BD900A3AB4D /* HapticManager.swift */; };
		54D358E928DC7BD900A3AB4D /* Lut.swift in Sources */ = {isa = PBXBuildFile; fileRef = 54D358D728DC7BD900A3AB4D /* Lut.swift */; };
		54D3C3392966E8CC009BC254 /* J16.png in Resources */ = {isa = PBXBuildFile; fileRef = 54D3C3342966E8CC009BC254 /* J16.png */; };
		54D3C33A2966E8CC009BC254 /* J18.png in Resources */ = {isa = PBXBuildFile; fileRef = 54D3C3352966E8CC009BC254 /* J18.png */; };
		54D3C33B2966E8CC009BC254 /* J15.png in Resources */ = {isa = PBXBuildFile; fileRef = 54D3C3362966E8CC009BC254 /* J15.png */; };
		54D3C33C2966E8CC009BC254 /* J17.png in Resources */ = {isa = PBXBuildFile; fileRef = 54D3C3372966E8CC009BC254 /* J17.png */; };
		54D3C33D2966E8CC009BC254 /* J14.png in Resources */ = {isa = PBXBuildFile; fileRef = 54D3C3382966E8CC009BC254 /* J14.png */; };
		54ED1064293CCCBE00926E36 /* SwiftyStoreKit in Frameworks */ = {isa = PBXBuildFile; productRef = 54ED1063293CCCBE00926E36 /* SwiftyStoreKit */; };
		54ED1066293CCD1C00926E36 /* Purchase.plist in Resources */ = {isa = PBXBuildFile; fileRef = 54ED1065293CCD1C00926E36 /* Purchase.plist */; };
		54ED1068293CCE3700926E36 /* SubscriptionView.swift in Sources */ = {isa = PBXBuildFile; fileRef = 54ED1067293CCE3700926E36 /* SubscriptionView.swift */; };
		560C70FC2919E6EE00F679A3 /* Localizable.strings in Resources */ = {isa = PBXBuildFile; fileRef = 560C70FE2919E6EE00F679A3 /* Localizable.strings */; };
		560C71012919E71000F679A3 /* LocalizeFile.swift in Sources */ = {isa = PBXBuildFile; fileRef = 560C71002919E71000F679A3 /* LocalizeFile.swift */; };
		6A51A7942967D46E00EC83E9 /* Decoration.swift in Sources */ = {isa = PBXBuildFile; fileRef = 6A51A7932967D46E00EC83E9 /* Decoration.swift */; };
		6A8FFC30291E082900000C1B /* Lottie in Frameworks */ = {isa = PBXBuildFile; productRef = 6A8FFC2F291E082900000C1B /* Lottie */; };
		6A8FFC35291E097100000C1B /* LottieView.swift in Sources */ = {isa = PBXBuildFile; fileRef = 6A8FFC34291E097100000C1B /* LottieView.swift */; };
		6A8FFC37291E101300000C1B /* exportImage.json in Resources */ = {isa = PBXBuildFile; fileRef = 6A8FFC36291E101200000C1B /* exportImage.json */; };
		6A8FFC39291E1AA400000C1B /* cancel.json in Resources */ = {isa = PBXBuildFile; fileRef = 6A8FFC38291E1AA400000C1B /* cancel.json */; };
/* End PBXBuildFile section */

/* Begin PBXContainerItemProxy section */
		54D358A428DC7B6A00A3AB4D /* PBXContainerItemProxy */ = {
			isa = PBXContainerItemProxy;
			containerPortal = 54D3588B28DC7B6900A3AB4D /* Project object */;
			proxyType = 1;
			remoteGlobalIDString = 54D3589228DC7B6900A3AB4D;
			remoteInfo = WonyoungCamera;
		};
		54D358AE28DC7B6A00A3AB4D /* PBXContainerItemProxy */ = {
			isa = PBXContainerItemProxy;
			containerPortal = 54D3588B28DC7B6900A3AB4D /* Project object */;
			proxyType = 1;
			remoteGlobalIDString = 54D3589228DC7B6900A3AB4D;
			remoteInfo = WonyoungCamera;
		};
/* End PBXContainerItemProxy section */

/* Begin PBXFileReference section */
		54168B2C28E275030000DF7F /* AlbumView.swift */ = {isa = PBXFileReference; lastKnownFileType = sourcecode.swift; path = AlbumView.swift; sourceTree = "<group>"; };
		54168B2E28E278E50000DF7F /* ImageManager.swift */ = {isa = PBXFileReference; lastKnownFileType = sourcecode.swift; path = ImageManager.swift; sourceTree = "<group>"; };
		54168B3228E33E2E0000DF7F /* Hidden.swift */ = {isa = PBXFileReference; lastKnownFileType = sourcecode.swift; path = Hidden.swift; sourceTree = "<group>"; };
		5435E64F290EF72600F8A331 /* Exporter.swift */ = {isa = PBXFileReference; lastKnownFileType = sourcecode.swift; path = Exporter.swift; sourceTree = "<group>"; };
		5435E651290EFAE600F8A331 /* ExportRenderer.swift */ = {isa = PBXFileReference; lastKnownFileType = sourcecode.swift; path = ExportRenderer.swift; sourceTree = "<group>"; };
		5435E655290EFD9C00F8A331 /* ExportShader.metal */ = {isa = PBXFileReference; lastKnownFileType = sourcecode.metal; path = ExportShader.metal; sourceTree = "<group>"; };
		545908A2291299E600B3A658 /* ExportResultView.swift */ = {isa = PBXFileReference; lastKnownFileType = sourcecode.swift; path = ExportResultView.swift; sourceTree = "<group>"; };
		545908A829140C5500B3A658 /* Colors.swift */ = {isa = PBXFileReference; lastKnownFileType = sourcecode.swift; path = Colors.swift; sourceTree = "<group>"; };
		545908AC291E67EF00B3A658 /* arrowRight.json */ = {isa = PBXFileReference; fileEncoding = 4; lastKnownFileType = text.json; path = arrowRight.json; sourceTree = "<group>"; };
		545908B6291E812B00B3A658 /* finish.json */ = {isa = PBXFileReference; fileEncoding = 4; lastKnownFileType = text.json; path = finish.json; sourceTree = "<group>"; };
		545908B8291E828400B3A658 /* IAPManager.swift */ = {isa = PBXFileReference; lastKnownFileType = sourcecode.swift; path = IAPManager.swift; sourceTree = "<group>"; };
		545908BA291E854E00B3A658 /* photo.json */ = {isa = PBXFileReference; fileEncoding = 4; lastKnownFileType = text.json; path = photo.json; sourceTree = "<group>"; };
		545D578328DDFB2100A874DB /* SharedMetalDevice.swift */ = {isa = PBXFileReference; lastKnownFileType = sourcecode.swift; path = SharedMetalDevice.swift; sourceTree = "<group>"; };
		545D583228DEACC200A874DB /* Brightness.swift */ = {isa = PBXFileReference; lastKnownFileType = sourcecode.swift; path = Brightness.swift; sourceTree = "<group>"; };
		545D583628DEB0FB00A874DB /* Brightness.metal */ = {isa = PBXFileReference; lastKnownFileType = sourcecode.metal; path = Brightness.metal; sourceTree = "<group>"; };
		545FF9CC29619DBA00BECC3C /* J8.png */ = {isa = PBXFileReference; lastKnownFileType = image.png; path = J8.png; sourceTree = "<group>"; };
		545FF9CD29619DBA00BECC3C /* J11.png */ = {isa = PBXFileReference; lastKnownFileType = image.png; path = J11.png; sourceTree = "<group>"; };
		545FF9CE29619DBA00BECC3C /* J12.png */ = {isa = PBXFileReference; lastKnownFileType = image.png; path = J12.png; sourceTree = "<group>"; };
		545FF9CF29619DBA00BECC3C /* J2.png */ = {isa = PBXFileReference; lastKnownFileType = image.png; path = J2.png; sourceTree = "<group>"; };
		545FF9D029619DBA00BECC3C /* J9.png */ = {isa = PBXFileReference; lastKnownFileType = image.png; path = J9.png; sourceTree = "<group>"; };
		545FF9D129619DBA00BECC3C /* J10.png */ = {isa = PBXFileReference; lastKnownFileType = image.png; path = J10.png; sourceTree = "<group>"; };
		545FF9D229619DBA00BECC3C /* J1.png */ = {isa = PBXFileReference; lastKnownFileType = image.png; path = J1.png; sourceTree = "<group>"; };
		545FF9D329619DBA00BECC3C /* J13.png */ = {isa = PBXFileReference; lastKnownFileType = image.png; path = J13.png; sourceTree = "<group>"; };
		545FF9D429619DBA00BECC3C /* J5.png */ = {isa = PBXFileReference; lastKnownFileType = image.png; path = J5.png; sourceTree = "<group>"; };
		545FF9D529619DBB00BECC3C /* J6.png */ = {isa = PBXFileReference; lastKnownFileType = image.png; path = J6.png; sourceTree = "<group>"; };
		545FF9D629619DBB00BECC3C /* J3.png */ = {isa = PBXFileReference; lastKnownFileType = image.png; path = J3.png; sourceTree = "<group>"; };
		545FF9D729619DBB00BECC3C /* J4.png */ = {isa = PBXFileReference; lastKnownFileType = image.png; path = J4.png; sourceTree = "<group>"; };
		545FF9D829619DBB00BECC3C /* J7.png */ = {isa = PBXFileReference; lastKnownFileType = image.png; path = J7.png; sourceTree = "<group>"; };
		545FF9EE29644B5200BECC3C /* ko */ = {isa = PBXFileReference; lastKnownFileType = text.plist.strings; name = ko; path = ko.lproj/Localizable.strings; sourceTree = "<group>"; };
		545FF9EF29644B5700BECC3C /* ja */ = {isa = PBXFileReference; lastKnownFileType = text.plist.strings; name = ja; path = ja.lproj/Localizable.strings; sourceTree = "<group>"; };
		545FF9F029644B5D00BECC3C /* zh-Hans */ = {isa = PBXFileReference; lastKnownFileType = text.plist.strings; name = "zh-Hans"; path = "zh-Hans.lproj/Localizable.strings"; sourceTree = "<group>"; };
		545FF9F129644B7600BECC3C /* fr */ = {isa = PBXFileReference; lastKnownFileType = text.plist.strings; name = fr; path = fr.lproj/Localizable.strings; sourceTree = "<group>"; };
		545FF9F229644B7D00BECC3C /* uk */ = {isa = PBXFileReference; lastKnownFileType = text.plist.strings; name = uk; path = uk.lproj/Localizable.strings; sourceTree = "<group>"; };
		545FF9F329644B8500BECC3C /* en-GB */ = {isa = PBXFileReference; lastKnownFileType = text.plist.strings; name = "en-GB"; path = "en-GB.lproj/Localizable.strings"; sourceTree = "<group>"; };
		545FF9F429644B9100BECC3C /* he */ = {isa = PBXFileReference; lastKnownFileType = text.plist.strings; name = he; path = he.lproj/Localizable.strings; sourceTree = "<group>"; };
		545FF9F529644B9600BECC3C /* it */ = {isa = PBXFileReference; lastKnownFileType = text.plist.strings; name = it; path = it.lproj/Localizable.strings; sourceTree = "<group>"; };
		545FF9F629644B9C00BECC3C /* ru */ = {isa = PBXFileReference; lastKnownFileType = text.plist.strings; name = ru; path = ru.lproj/Localizable.strings; sourceTree = "<group>"; };
		545FF9F729644BA000BECC3C /* id */ = {isa = PBXFileReference; lastKnownFileType = text.plist.strings; name = id; path = id.lproj/Localizable.strings; sourceTree = "<group>"; };
		545FF9F829644BAB00BECC3C /* es-419 */ = {isa = PBXFileReference; lastKnownFileType = text.plist.strings; name = "es-419"; path = "es-419.lproj/Localizable.strings"; sourceTree = "<group>"; };
		54608CD3290AB87A00614B80 /* sample.png */ = {isa = PBXFileReference; lastKnownFileType = image.png; path = sample.png; sourceTree = "<group>"; };
		54608CD9290D9BC300614B80 /* Natural.png */ = {isa = PBXFileReference; lastKnownFileType = image.png; path = Natural.png; sourceTree = "<group>"; };
		546ED8C528F03C3700C62AE5 /* CameraView.swift */ = {isa = PBXFileReference; lastKnownFileType = sourcecode.swift; path = CameraView.swift; sourceTree = "<group>"; };
		546ED8CA28F71C2F00C62AE5 /* ImageViewer.swift */ = {isa = PBXFileReference; lastKnownFileType = sourcecode.swift; path = ImageViewer.swift; sourceTree = "<group>"; };
		549051C52944B412005D3353 /* GradientImageView.swift */ = {isa = PBXFileReference; lastKnownFileType = sourcecode.swift; path = GradientImageView.swift; sourceTree = "<group>"; };
		54D17279295B3CA7006180FA /* Webtoon.png */ = {isa = PBXFileReference; lastKnownFileType = image.png; path = Webtoon.png; sourceTree = "<group>"; };
		54D1727B295DBFB3006180FA /* circle.png */ = {isa = PBXFileReference; lastKnownFileType = image.png; path = circle.png; sourceTree = "<group>"; };
		54D1727D295DD85B006180FA /* FileManager+Extension.swift */ = {isa = PBXFileReference; lastKnownFileType = sourcecode.swift; path = "FileManager+Extension.swift"; sourceTree = "<group>"; };
		54D3589328DC7B6900A3AB4D /* WonyoungCamera.app */ = {isa = PBXFileReference; explicitFileType = wrapper.application; includeInIndex = 0; path = WonyoungCamera.app; sourceTree = BUILT_PRODUCTS_DIR; };
		54D3589628DC7B6900A3AB4D /* WonyoungCameraApp.swift */ = {isa = PBXFileReference; lastKnownFileType = sourcecode.swift; path = WonyoungCameraApp.swift; sourceTree = "<group>"; };
		54D3589828DC7B6900A3AB4D /* ContentView.swift */ = {isa = PBXFileReference; lastKnownFileType = sourcecode.swift; path = ContentView.swift; sourceTree = "<group>"; };
		54D3589A28DC7B6A00A3AB4D /* Assets.xcassets */ = {isa = PBXFileReference; lastKnownFileType = folder.assetcatalog; path = Assets.xcassets; sourceTree = "<group>"; };
		54D3589D28DC7B6A00A3AB4D /* Preview Assets.xcassets */ = {isa = PBXFileReference; lastKnownFileType = folder.assetcatalog; path = "Preview Assets.xcassets"; sourceTree = "<group>"; };
		54D358A328DC7B6A00A3AB4D /* WonyoungCameraTests.xctest */ = {isa = PBXFileReference; explicitFileType = wrapper.cfbundle; includeInIndex = 0; path = WonyoungCameraTests.xctest; sourceTree = BUILT_PRODUCTS_DIR; };
		54D358A728DC7B6A00A3AB4D /* WonyoungCameraTests.swift */ = {isa = PBXFileReference; lastKnownFileType = sourcecode.swift; path = WonyoungCameraTests.swift; sourceTree = "<group>"; };
		54D358AD28DC7B6A00A3AB4D /* WonyoungCameraUITests.xctest */ = {isa = PBXFileReference; explicitFileType = wrapper.cfbundle; includeInIndex = 0; path = WonyoungCameraUITests.xctest; sourceTree = BUILT_PRODUCTS_DIR; };
		54D358B128DC7B6A00A3AB4D /* WonyoungCameraUITests.swift */ = {isa = PBXFileReference; lastKnownFileType = sourcecode.swift; path = WonyoungCameraUITests.swift; sourceTree = "<group>"; };
		54D358B328DC7B6A00A3AB4D /* WonyoungCameraUITestsLaunchTests.swift */ = {isa = PBXFileReference; lastKnownFileType = sourcecode.swift; path = WonyoungCameraUITestsLaunchTests.swift; sourceTree = "<group>"; };
		54D358C228DC7BD900A3AB4D /* FilterScrollView.swift */ = {isa = PBXFileReference; fileEncoding = 4; lastKnownFileType = sourcecode.swift; path = FilterScrollView.swift; sourceTree = "<group>"; };
		54D358C728DC7BD900A3AB4D /* CornerRadius+Extensions.swift */ = {isa = PBXFileReference; fileEncoding = 4; lastKnownFileType = sourcecode.swift; path = "CornerRadius+Extensions.swift"; sourceTree = "<group>"; };
		54D358C928DC7BD900A3AB4D /* MetalCamera.swift */ = {isa = PBXFileReference; fileEncoding = 4; lastKnownFileType = sourcecode.swift; path = MetalCamera.swift; sourceTree = "<group>"; };
		54D358CA28DC7BD900A3AB4D /* Shader.metal */ = {isa = PBXFileReference; fileEncoding = 4; lastKnownFileType = sourcecode.metal; path = Shader.metal; sourceTree = "<group>"; };
		54D358CB28DC7BD900A3AB4D /* KernelShader.metal */ = {isa = PBXFileReference; fileEncoding = 4; lastKnownFileType = sourcecode.metal; path = KernelShader.metal; sourceTree = "<group>"; };
		54D358CC28DC7BD900A3AB4D /* MetalCameraView.swift */ = {isa = PBXFileReference; fileEncoding = 4; lastKnownFileType = sourcecode.swift; path = MetalCameraView.swift; sourceTree = "<group>"; };
		54D358CD28DC7BD900A3AB4D /* Renderer.swift */ = {isa = PBXFileReference; fileEncoding = 4; lastKnownFileType = sourcecode.swift; path = Renderer.swift; sourceTree = "<group>"; };
		54D358D428DC7BD900A3AB4D /* SoundManager.swift */ = {isa = PBXFileReference; fileEncoding = 4; lastKnownFileType = sourcecode.swift; path = SoundManager.swift; sourceTree = "<group>"; };
		54D358D528DC7BD900A3AB4D /* HapticManager.swift */ = {isa = PBXFileReference; fileEncoding = 4; lastKnownFileType = sourcecode.swift; path = HapticManager.swift; sourceTree = "<group>"; };
		54D358D728DC7BD900A3AB4D /* Lut.swift */ = {isa = PBXFileReference; fileEncoding = 4; lastKnownFileType = sourcecode.swift; path = Lut.swift; sourceTree = "<group>"; };
		54D3C3342966E8CC009BC254 /* J16.png */ = {isa = PBXFileReference; lastKnownFileType = image.png; path = J16.png; sourceTree = "<group>"; };
		54D3C3352966E8CC009BC254 /* J18.png */ = {isa = PBXFileReference; lastKnownFileType = image.png; path = J18.png; sourceTree = "<group>"; };
		54D3C3362966E8CC009BC254 /* J15.png */ = {isa = PBXFileReference; lastKnownFileType = image.png; path = J15.png; sourceTree = "<group>"; };
		54D3C3372966E8CC009BC254 /* J17.png */ = {isa = PBXFileReference; lastKnownFileType = image.png; path = J17.png; sourceTree = "<group>"; };
		54D3C3382966E8CC009BC254 /* J14.png */ = {isa = PBXFileReference; lastKnownFileType = image.png; path = J14.png; sourceTree = "<group>"; };
		54EA834C291EE6CE007D6A4A /* Info.plist */ = {isa = PBXFileReference; lastKnownFileType = text.plist; path = Info.plist; sourceTree = "<group>"; };
		54ED1065293CCD1C00926E36 /* Purchase.plist */ = {isa = PBXFileReference; lastKnownFileType = text.plist.xml; path = Purchase.plist; sourceTree = "<group>"; };
		54ED1067293CCE3700926E36 /* SubscriptionView.swift */ = {isa = PBXFileReference; lastKnownFileType = sourcecode.swift; path = SubscriptionView.swift; sourceTree = "<group>"; };
		560C70FD2919E6EE00F679A3 /* en */ = {isa = PBXFileReference; lastKnownFileType = text.plist.strings; name = en; path = en.lproj/Localizable.strings; sourceTree = "<group>"; };
		560C71002919E71000F679A3 /* LocalizeFile.swift */ = {isa = PBXFileReference; lastKnownFileType = sourcecode.swift; path = LocalizeFile.swift; sourceTree = "<group>"; };
		6A51A7932967D46E00EC83E9 /* Decoration.swift */ = {isa = PBXFileReference; lastKnownFileType = sourcecode.swift; path = Decoration.swift; sourceTree = "<group>"; };
		6A8FFC34291E097100000C1B /* LottieView.swift */ = {isa = PBXFileReference; lastKnownFileType = sourcecode.swift; path = LottieView.swift; sourceTree = "<group>"; };
		6A8FFC36291E101200000C1B /* exportImage.json */ = {isa = PBXFileReference; fileEncoding = 4; lastKnownFileType = text.json; path = exportImage.json; sourceTree = "<group>"; };
		6A8FFC38291E1AA400000C1B /* cancel.json */ = {isa = PBXFileReference; fileEncoding = 4; lastKnownFileType = text.json; path = cancel.json; sourceTree = "<group>"; };
/* End PBXFileReference section */

/* Begin PBXFrameworksBuildPhase section */
		54D3589028DC7B6900A3AB4D /* Frameworks */ = {
			isa = PBXFrameworksBuildPhase;
			buildActionMask = 2147483647;
			files = (
				54ED1064293CCCBE00926E36 /* SwiftyStoreKit in Frameworks */,
				545908A62913F87E00B3A658 /* Kingfisher in Frameworks */,
				6A8FFC30291E082900000C1B /* Lottie in Frameworks */,
			);
			runOnlyForDeploymentPostprocessing = 0;
		};
		54D358A028DC7B6A00A3AB4D /* Frameworks */ = {
			isa = PBXFrameworksBuildPhase;
			buildActionMask = 2147483647;
			files = (
			);
			runOnlyForDeploymentPostprocessing = 0;
		};
		54D358AA28DC7B6A00A3AB4D /* Frameworks */ = {
			isa = PBXFrameworksBuildPhase;
			buildActionMask = 2147483647;
			files = (
			);
			runOnlyForDeploymentPostprocessing = 0;
		};
/* End PBXFrameworksBuildPhase section */

/* Begin PBXGroup section */
		54168B2928E273F00000DF7F /* Pages */ = {
			isa = PBXGroup;
			children = (
				54168B2B28E2740B0000DF7F /* AlbumView */,
				54168B2A28E274020000DF7F /* SettingView */,
				54D358C828DC7BD900A3AB4D /* CameraView */,
				54D358C028DC7BD900A3AB4D /* Components */,
				54ED1067293CCE3700926E36 /* SubscriptionView.swift */,
			);
			path = Pages;
			sourceTree = "<group>";
		};
		54168B2A28E274020000DF7F /* SettingView */ = {
			isa = PBXGroup;
			children = (
			);
			path = SettingView;
			sourceTree = "<group>";
		};
		54168B2B28E2740B0000DF7F /* AlbumView */ = {
			isa = PBXGroup;
			children = (
				54168B2C28E275030000DF7F /* AlbumView.swift */,
				546ED8CA28F71C2F00C62AE5 /* ImageViewer.swift */,
				545908A2291299E600B3A658 /* ExportResultView.swift */,
			);
			path = AlbumView;
			sourceTree = "<group>";
		};
		5435E64E290EF70D00F8A331 /* Exporter */ = {
			isa = PBXGroup;
			children = (
				5435E64F290EF72600F8A331 /* Exporter.swift */,
			);
			path = Exporter;
			sourceTree = "<group>";
		};
		5435E653290EFD7C00F8A331 /* Renderer */ = {
			isa = PBXGroup;
			children = (
				5435E654290EFD8900F8A331 /* Shader */,
				5435E651290EFAE600F8A331 /* ExportRenderer.swift */,
				54D358CD28DC7BD900A3AB4D /* Renderer.swift */,
			);
			path = Renderer;
			sourceTree = "<group>";
		};
		5435E654290EFD8900F8A331 /* Shader */ = {
			isa = PBXGroup;
			children = (
				54D358CA28DC7BD900A3AB4D /* Shader.metal */,
				54D358CB28DC7BD900A3AB4D /* KernelShader.metal */,
				5435E655290EFD9C00F8A331 /* ExportShader.metal */,
			);
			path = Shader;
			sourceTree = "<group>";
		};
		545908A729140C4C00B3A658 /* Constants */ = {
			isa = PBXGroup;
			children = (
				545908A829140C5500B3A658 /* Colors.swift */,
				560C70FE2919E6EE00F679A3 /* Localizable.strings */,
				560C71002919E71000F679A3 /* LocalizeFile.swift */,
			);
			path = Constants;
			sourceTree = "<group>";
		};
		545D583128DEACB600A874DB /* Adjustment */ = {
			isa = PBXGroup;
			children = (
				545D583228DEACC200A874DB /* Brightness.swift */,
				545D583628DEB0FB00A874DB /* Brightness.metal */,
			);
			path = Adjustment;
			sourceTree = "<group>";
		};
		545FF9B129619CC800BECC3C /* J-Series */ = {
			isa = PBXGroup;
			children = (
				54D3C3382966E8CC009BC254 /* J14.png */,
				54D3C3362966E8CC009BC254 /* J15.png */,
				54D3C3342966E8CC009BC254 /* J16.png */,
				54D3C3372966E8CC009BC254 /* J17.png */,
				54D3C3352966E8CC009BC254 /* J18.png */,
				545FF9D229619DBA00BECC3C /* J1.png */,
				545FF9CF29619DBA00BECC3C /* J2.png */,
				545FF9D629619DBB00BECC3C /* J3.png */,
				545FF9D729619DBB00BECC3C /* J4.png */,
				545FF9D429619DBA00BECC3C /* J5.png */,
				545FF9D529619DBB00BECC3C /* J6.png */,
				545FF9D829619DBB00BECC3C /* J7.png */,
				545FF9CC29619DBA00BECC3C /* J8.png */,
				545FF9D029619DBA00BECC3C /* J9.png */,
				545FF9D129619DBA00BECC3C /* J10.png */,
				545FF9CD29619DBA00BECC3C /* J11.png */,
				545FF9CE29619DBA00BECC3C /* J12.png */,
				545FF9D329619DBA00BECC3C /* J13.png */,
			);
			path = "J-Series";
			sourceTree = "<group>";
		};
		54D3588A28DC7B6900A3AB4D = {
			isa = PBXGroup;
			children = (
				54D3589528DC7B6900A3AB4D /* WonyoungCamera */,
				54D358A628DC7B6A00A3AB4D /* WonyoungCameraTests */,
				54D358B028DC7B6A00A3AB4D /* WonyoungCameraUITests */,
				54D3589428DC7B6900A3AB4D /* Products */,
			);
			sourceTree = "<group>";
		};
		54D3589428DC7B6900A3AB4D /* Products */ = {
			isa = PBXGroup;
			children = (
				54D3589328DC7B6900A3AB4D /* WonyoungCamera.app */,
				54D358A328DC7B6A00A3AB4D /* WonyoungCameraTests.xctest */,
				54D358AD28DC7B6A00A3AB4D /* WonyoungCameraUITests.xctest */,
			);
			name = Products;
			sourceTree = "<group>";
		};
		54D3589528DC7B6900A3AB4D /* WonyoungCamera */ = {
			isa = PBXGroup;
			children = (
				54EA834C291EE6CE007D6A4A /* Info.plist */,
				6A8FFC31291E085500000C1B /* Lottie */,
				545908A729140C4C00B3A658 /* Constants */,
				5435E653290EFD7C00F8A331 /* Renderer */,
				5435E64E290EF70D00F8A331 /* Exporter */,
				54168B2928E273F00000DF7F /* Pages */,
				54D358C628DC7BD900A3AB4D /* Extensions */,
				54D358CE28DC7BD900A3AB4D /* LUTs */,
				54D358D628DC7BD900A3AB4D /* Models */,
				54D358D328DC7BD900A3AB4D /* Utils */,
				54D3589628DC7B6900A3AB4D /* WonyoungCameraApp.swift */,
				54D3589828DC7B6900A3AB4D /* ContentView.swift */,
				54D3589A28DC7B6A00A3AB4D /* Assets.xcassets */,
				54D3589C28DC7B6A00A3AB4D /* Preview Content */,
			);
			path = WonyoungCamera;
			sourceTree = "<group>";
		};
		54D3589C28DC7B6A00A3AB4D /* Preview Content */ = {
			isa = PBXGroup;
			children = (
				54D3589D28DC7B6A00A3AB4D /* Preview Assets.xcassets */,
			);
			path = "Preview Content";
			sourceTree = "<group>";
		};
		54D358A628DC7B6A00A3AB4D /* WonyoungCameraTests */ = {
			isa = PBXGroup;
			children = (
				54D358A728DC7B6A00A3AB4D /* WonyoungCameraTests.swift */,
			);
			path = WonyoungCameraTests;
			sourceTree = "<group>";
		};
		54D358B028DC7B6A00A3AB4D /* WonyoungCameraUITests */ = {
			isa = PBXGroup;
			children = (
				54D358B128DC7B6A00A3AB4D /* WonyoungCameraUITests.swift */,
				54D358B328DC7B6A00A3AB4D /* WonyoungCameraUITestsLaunchTests.swift */,
			);
			path = WonyoungCameraUITests;
			sourceTree = "<group>";
		};
		54D358C028DC7BD900A3AB4D /* Components */ = {
			isa = PBXGroup;
			children = (
				54D358C228DC7BD900A3AB4D /* FilterScrollView.swift */,
				6A8FFC34291E097100000C1B /* LottieView.swift */,
				549051C52944B412005D3353 /* GradientImageView.swift */,
			);
			path = Components;
			sourceTree = "<group>";
		};
		54D358C628DC7BD900A3AB4D /* Extensions */ = {
			isa = PBXGroup;
			children = (
				54D358C728DC7BD900A3AB4D /* CornerRadius+Extensions.swift */,
				54168B3228E33E2E0000DF7F /* Hidden.swift */,
				54D1727D295DD85B006180FA /* FileManager+Extension.swift */,
			);
			path = Extensions;
			sourceTree = "<group>";
		};
		54D358C828DC7BD900A3AB4D /* CameraView */ = {
			isa = PBXGroup;
			children = (
				545D583128DEACB600A874DB /* Adjustment */,
				54D358C928DC7BD900A3AB4D /* MetalCamera.swift */,
				54D358CC28DC7BD900A3AB4D /* MetalCameraView.swift */,
				546ED8C528F03C3700C62AE5 /* CameraView.swift */,
			);
			path = CameraView;
			sourceTree = "<group>";
		};
		54D358CE28DC7BD900A3AB4D /* LUTs */ = {
			isa = PBXGroup;
			children = (
				545FF9B129619CC800BECC3C /* J-Series */,
				54D1727B295DBFB3006180FA /* circle.png */,
				54D17279295B3CA7006180FA /* Webtoon.png */,
				54608CD9290D9BC300614B80 /* Natural.png */,
				54608CD3290AB87A00614B80 /* sample.png */,
			);
			path = LUTs;
			sourceTree = "<group>";
		};
		54D358D328DC7BD900A3AB4D /* Utils */ = {
			isa = PBXGroup;
			children = (
				54168B2E28E278E50000DF7F /* ImageManager.swift */,
				54D358D428DC7BD900A3AB4D /* SoundManager.swift */,
				54D358D528DC7BD900A3AB4D /* HapticManager.swift */,
				545908B8291E828400B3A658 /* IAPManager.swift */,
				54ED1065293CCD1C00926E36 /* Purchase.plist */,
			);
			path = Utils;
			sourceTree = "<group>";
		};
		54D358D628DC7BD900A3AB4D /* Models */ = {
			isa = PBXGroup;
			children = (
				54D358D728DC7BD900A3AB4D /* Lut.swift */,
				545D578328DDFB2100A874DB /* SharedMetalDevice.swift */,
				6A51A7932967D46E00EC83E9 /* Decoration.swift */,
			);
			path = Models;
			sourceTree = "<group>";
		};
		6A8FFC31291E085500000C1B /* Lottie */ = {
			isa = PBXGroup;
			children = (
				545908AC291E67EF00B3A658 /* arrowRight.json */,
				6A8FFC38291E1AA400000C1B /* cancel.json */,
				545908BA291E854E00B3A658 /* photo.json */,
				545908B6291E812B00B3A658 /* finish.json */,
				6A8FFC36291E101200000C1B /* exportImage.json */,
			);
			path = Lottie;
			sourceTree = "<group>";
		};
/* End PBXGroup section */

/* Begin PBXNativeTarget section */
		54D3589228DC7B6900A3AB4D /* WonyoungCamera */ = {
			isa = PBXNativeTarget;
			buildConfigurationList = 54D358B728DC7B6A00A3AB4D /* Build configuration list for PBXNativeTarget "WonyoungCamera" */;
			buildPhases = (
				54D3588F28DC7B6900A3AB4D /* Sources */,
				54D3589028DC7B6900A3AB4D /* Frameworks */,
				54D3589128DC7B6900A3AB4D /* Resources */,
			);
			buildRules = (
			);
			dependencies = (
			);
			name = WonyoungCamera;
			packageProductDependencies = (
				545908A52913F87E00B3A658 /* Kingfisher */,
				6A8FFC2F291E082900000C1B /* Lottie */,
				54ED1063293CCCBE00926E36 /* SwiftyStoreKit */,
			);
			productName = WonyoungCamera;
			productReference = 54D3589328DC7B6900A3AB4D /* WonyoungCamera.app */;
			productType = "com.apple.product-type.application";
		};
		54D358A228DC7B6A00A3AB4D /* WonyoungCameraTests */ = {
			isa = PBXNativeTarget;
			buildConfigurationList = 54D358BA28DC7B6A00A3AB4D /* Build configuration list for PBXNativeTarget "WonyoungCameraTests" */;
			buildPhases = (
				54D3589F28DC7B6A00A3AB4D /* Sources */,
				54D358A028DC7B6A00A3AB4D /* Frameworks */,
				54D358A128DC7B6A00A3AB4D /* Resources */,
			);
			buildRules = (
			);
			dependencies = (
				54D358A528DC7B6A00A3AB4D /* PBXTargetDependency */,
			);
			name = WonyoungCameraTests;
			productName = WonyoungCameraTests;
			productReference = 54D358A328DC7B6A00A3AB4D /* WonyoungCameraTests.xctest */;
			productType = "com.apple.product-type.bundle.unit-test";
		};
		54D358AC28DC7B6A00A3AB4D /* WonyoungCameraUITests */ = {
			isa = PBXNativeTarget;
			buildConfigurationList = 54D358BD28DC7B6A00A3AB4D /* Build configuration list for PBXNativeTarget "WonyoungCameraUITests" */;
			buildPhases = (
				54D358A928DC7B6A00A3AB4D /* Sources */,
				54D358AA28DC7B6A00A3AB4D /* Frameworks */,
				54D358AB28DC7B6A00A3AB4D /* Resources */,
			);
			buildRules = (
			);
			dependencies = (
				54D358AF28DC7B6A00A3AB4D /* PBXTargetDependency */,
			);
			name = WonyoungCameraUITests;
			productName = WonyoungCameraUITests;
			productReference = 54D358AD28DC7B6A00A3AB4D /* WonyoungCameraUITests.xctest */;
			productType = "com.apple.product-type.bundle.ui-testing";
		};
/* End PBXNativeTarget section */

/* Begin PBXProject section */
		54D3588B28DC7B6900A3AB4D /* Project object */ = {
			isa = PBXProject;
			attributes = {
				BuildIndependentTargetsInParallel = 1;
				LastSwiftUpdateCheck = 1400;
				LastUpgradeCheck = 1400;
				TargetAttributes = {
					54D3589228DC7B6900A3AB4D = {
						CreatedOnToolsVersion = 14.0;
					};
					54D358A228DC7B6A00A3AB4D = {
						CreatedOnToolsVersion = 14.0;
						TestTargetID = 54D3589228DC7B6900A3AB4D;
					};
					54D358AC28DC7B6A00A3AB4D = {
						CreatedOnToolsVersion = 14.0;
						TestTargetID = 54D3589228DC7B6900A3AB4D;
					};
				};
			};
			buildConfigurationList = 54D3588E28DC7B6900A3AB4D /* Build configuration list for PBXProject "WonyoungCamera" */;
			compatibilityVersion = "Xcode 14.0";
			developmentRegion = en;
			hasScannedForEncodings = 0;
			knownRegions = (
				en,
				Base,
				ko,
				ja,
				"zh-Hans",
				fr,
				uk,
				"en-GB",
				he,
				it,
				ru,
				id,
				"es-419",
			);
			mainGroup = 54D3588A28DC7B6900A3AB4D;
			packageReferences = (
				545908A42913F87E00B3A658 /* XCRemoteSwiftPackageReference "Kingfisher" */,
				6A8FFC2E291E082900000C1B /* XCRemoteSwiftPackageReference "lottie-ios" */,
				54ED1062293CCCBE00926E36 /* XCRemoteSwiftPackageReference "SwiftyStoreKit" */,
			);
			productRefGroup = 54D3589428DC7B6900A3AB4D /* Products */;
			projectDirPath = "";
			projectRoot = "";
			targets = (
				54D3589228DC7B6900A3AB4D /* WonyoungCamera */,
				54D358A228DC7B6A00A3AB4D /* WonyoungCameraTests */,
				54D358AC28DC7B6A00A3AB4D /* WonyoungCameraUITests */,
			);
		};
/* End PBXProject section */

/* Begin PBXResourcesBuildPhase section */
		54D3589128DC7B6900A3AB4D /* Resources */ = {
			isa = PBXResourcesBuildPhase;
			buildActionMask = 2147483647;
			files = (
				545908BB291E854E00B3A658 /* photo.json in Resources */,
				545FF9DF29619DBB00BECC3C /* J1.png in Resources */,
				54D3C33D2966E8CC009BC254 /* J14.png in Resources */,
				54D3589E28DC7B6A00A3AB4D /* Preview Assets.xcassets in Resources */,
				545908B7291E812B00B3A658 /* finish.json in Resources */,
				560C70FC2919E6EE00F679A3 /* Localizable.strings in Resources */,
				54608CDA290D9BC300614B80 /* Natural.png in Resources */,
				545FF9E429619DBB00BECC3C /* J4.png in Resources */,
				54D1727A295B3CA7006180FA /* Webtoon.png in Resources */,
				545908AD291E67EF00B3A658 /* arrowRight.json in Resources */,
				545FF9E229619DBB00BECC3C /* J6.png in Resources */,
				545FF9E329619DBB00BECC3C /* J3.png in Resources */,
				6A8FFC37291E101300000C1B /* exportImage.json in Resources */,
				54D3C33C2966E8CC009BC254 /* J17.png in Resources */,
				545FF9E029619DBB00BECC3C /* J13.png in Resources */,
				54D3C33A2966E8CC009BC254 /* J18.png in Resources */,
				54ED1066293CCD1C00926E36 /* Purchase.plist in Resources */,
				545FF9DC29619DBB00BECC3C /* J2.png in Resources */,
				545FF9E129619DBB00BECC3C /* J5.png in Resources */,
				545FF9DD29619DBB00BECC3C /* J9.png in Resources */,
				54D3C33B2966E8CC009BC254 /* J15.png in Resources */,
				54D3589B28DC7B6A00A3AB4D /* Assets.xcassets in Resources */,
				54D3C3392966E8CC009BC254 /* J16.png in Resources */,
				545FF9DE29619DBB00BECC3C /* J10.png in Resources */,
				545FF9DB29619DBB00BECC3C /* J12.png in Resources */,
				545FF9DA29619DBB00BECC3C /* J11.png in Resources */,
				545FF9E529619DBB00BECC3C /* J7.png in Resources */,
				54D1727C295DBFB3006180FA /* circle.png in Resources */,
				6A8FFC39291E1AA400000C1B /* cancel.json in Resources */,
				54608CD4290AB87A00614B80 /* sample.png in Resources */,
				545FF9D929619DBB00BECC3C /* J8.png in Resources */,
			);
			runOnlyForDeploymentPostprocessing = 0;
		};
		54D358A128DC7B6A00A3AB4D /* Resources */ = {
			isa = PBXResourcesBuildPhase;
			buildActionMask = 2147483647;
			files = (
			);
			runOnlyForDeploymentPostprocessing = 0;
		};
		54D358AB28DC7B6A00A3AB4D /* Resources */ = {
			isa = PBXResourcesBuildPhase;
			buildActionMask = 2147483647;
			files = (
			);
			runOnlyForDeploymentPostprocessing = 0;
		};
/* End PBXResourcesBuildPhase section */

/* Begin PBXSourcesBuildPhase section */
		54D3588F28DC7B6900A3AB4D /* Sources */ = {
			isa = PBXSourcesBuildPhase;
			buildActionMask = 2147483647;
			files = (
				545908B9291E828400B3A658 /* IAPManager.swift in Sources */,
				54D358DE28DC7BD900A3AB4D /* MetalCamera.swift in Sources */,
				54168B2F28E278E50000DF7F /* ImageManager.swift in Sources */,
				6A8FFC35291E097100000C1B /* LottieView.swift in Sources */,
				54D358E828DC7BD900A3AB4D /* HapticManager.swift in Sources */,
				546ED8C628F03C3700C62AE5 /* CameraView.swift in Sources */,
				560C71012919E71000F679A3 /* LocalizeFile.swift in Sources */,
				545D578428DDFB2100A874DB /* SharedMetalDevice.swift in Sources */,
				545908A3291299E600B3A658 /* ExportResultView.swift in Sources */,
				545908A929140C5500B3A658 /* Colors.swift in Sources */,
				54D3589928DC7B6900A3AB4D /* ContentView.swift in Sources */,
				546ED8CB28F71C2F00C62AE5 /* ImageViewer.swift in Sources */,
				54D1727E295DD85B006180FA /* FileManager+Extension.swift in Sources */,
				54D358D928DC7BD900A3AB4D /* FilterScrollView.swift in Sources */,
				54D358E028DC7BD900A3AB4D /* KernelShader.metal in Sources */,
				54168B2D28E275030000DF7F /* AlbumView.swift in Sources */,
				5435E652290EFAE600F8A331 /* ExportRenderer.swift in Sources */,
				54D358E728DC7BD900A3AB4D /* SoundManager.swift in Sources */,
				54D358E228DC7BD900A3AB4D /* Renderer.swift in Sources */,
				6A51A7942967D46E00EC83E9 /* Decoration.swift in Sources */,
				54D358E928DC7BD900A3AB4D /* Lut.swift in Sources */,
				5435E650290EF72600F8A331 /* Exporter.swift in Sources */,
				5435E656290EFD9C00F8A331 /* ExportShader.metal in Sources */,
				54D358DD28DC7BD900A3AB4D /* CornerRadius+Extensions.swift in Sources */,
				54D358E128DC7BD900A3AB4D /* MetalCameraView.swift in Sources */,
				54168B3328E33E2E0000DF7F /* Hidden.swift in Sources */,
				54D358DF28DC7BD900A3AB4D /* Shader.metal in Sources */,
				54ED1068293CCE3700926E36 /* SubscriptionView.swift in Sources */,
				549051C62944B412005D3353 /* GradientImageView.swift in Sources */,
				545D583328DEACC200A874DB /* Brightness.swift in Sources */,
				54D3589728DC7B6900A3AB4D /* WonyoungCameraApp.swift in Sources */,
				545D583728DEB0FB00A874DB /* Brightness.metal in Sources */,
			);
			runOnlyForDeploymentPostprocessing = 0;
		};
		54D3589F28DC7B6A00A3AB4D /* Sources */ = {
			isa = PBXSourcesBuildPhase;
			buildActionMask = 2147483647;
			files = (
				54D358A828DC7B6A00A3AB4D /* WonyoungCameraTests.swift in Sources */,
			);
			runOnlyForDeploymentPostprocessing = 0;
		};
		54D358A928DC7B6A00A3AB4D /* Sources */ = {
			isa = PBXSourcesBuildPhase;
			buildActionMask = 2147483647;
			files = (
				54D358B228DC7B6A00A3AB4D /* WonyoungCameraUITests.swift in Sources */,
				54D358B428DC7B6A00A3AB4D /* WonyoungCameraUITestsLaunchTests.swift in Sources */,
			);
			runOnlyForDeploymentPostprocessing = 0;
		};
/* End PBXSourcesBuildPhase section */

/* Begin PBXTargetDependency section */
		54D358A528DC7B6A00A3AB4D /* PBXTargetDependency */ = {
			isa = PBXTargetDependency;
			target = 54D3589228DC7B6900A3AB4D /* WonyoungCamera */;
			targetProxy = 54D358A428DC7B6A00A3AB4D /* PBXContainerItemProxy */;
		};
		54D358AF28DC7B6A00A3AB4D /* PBXTargetDependency */ = {
			isa = PBXTargetDependency;
			target = 54D3589228DC7B6900A3AB4D /* WonyoungCamera */;
			targetProxy = 54D358AE28DC7B6A00A3AB4D /* PBXContainerItemProxy */;
		};
/* End PBXTargetDependency section */

/* Begin PBXVariantGroup section */
		560C70FE2919E6EE00F679A3 /* Localizable.strings */ = {
			isa = PBXVariantGroup;
			children = (
				560C70FD2919E6EE00F679A3 /* en */,
				545FF9EE29644B5200BECC3C /* ko */,
				545FF9EF29644B5700BECC3C /* ja */,
				545FF9F029644B5D00BECC3C /* zh-Hans */,
				545FF9F129644B7600BECC3C /* fr */,
				545FF9F229644B7D00BECC3C /* uk */,
				545FF9F329644B8500BECC3C /* en-GB */,
				545FF9F429644B9100BECC3C /* he */,
				545FF9F529644B9600BECC3C /* it */,
				545FF9F629644B9C00BECC3C /* ru */,
				545FF9F729644BA000BECC3C /* id */,
				545FF9F829644BAB00BECC3C /* es-419 */,
			);
			name = Localizable.strings;
			sourceTree = "<group>";
		};
/* End PBXVariantGroup section */

/* Begin XCBuildConfiguration section */
		54D358B528DC7B6A00A3AB4D /* Debug */ = {
			isa = XCBuildConfiguration;
			buildSettings = {
				ALWAYS_SEARCH_USER_PATHS = NO;
				CLANG_ANALYZER_LOCALIZABILITY_NONLOCALIZED = YES;
				CLANG_ANALYZER_NONNULL = YES;
				CLANG_ANALYZER_NUMBER_OBJECT_CONVERSION = YES_AGGRESSIVE;
				CLANG_CXX_LANGUAGE_STANDARD = "gnu++20";
				CLANG_ENABLE_MODULES = YES;
				CLANG_ENABLE_OBJC_ARC = YES;
				CLANG_ENABLE_OBJC_WEAK = YES;
				CLANG_WARN_BLOCK_CAPTURE_AUTORELEASING = YES;
				CLANG_WARN_BOOL_CONVERSION = YES;
				CLANG_WARN_COMMA = YES;
				CLANG_WARN_CONSTANT_CONVERSION = YES;
				CLANG_WARN_DEPRECATED_OBJC_IMPLEMENTATIONS = YES;
				CLANG_WARN_DIRECT_OBJC_ISA_USAGE = YES_ERROR;
				CLANG_WARN_DOCUMENTATION_COMMENTS = YES;
				CLANG_WARN_EMPTY_BODY = YES;
				CLANG_WARN_ENUM_CONVERSION = YES;
				CLANG_WARN_INFINITE_RECURSION = YES;
				CLANG_WARN_INT_CONVERSION = YES;
				CLANG_WARN_NON_LITERAL_NULL_CONVERSION = YES;
				CLANG_WARN_OBJC_IMPLICIT_RETAIN_SELF = YES;
				CLANG_WARN_OBJC_LITERAL_CONVERSION = YES;
				CLANG_WARN_OBJC_ROOT_CLASS = YES_ERROR;
				CLANG_WARN_QUOTED_INCLUDE_IN_FRAMEWORK_HEADER = YES;
				CLANG_WARN_RANGE_LOOP_ANALYSIS = YES;
				CLANG_WARN_STRICT_PROTOTYPES = YES;
				CLANG_WARN_SUSPICIOUS_MOVE = YES;
				CLANG_WARN_UNGUARDED_AVAILABILITY = YES_AGGRESSIVE;
				CLANG_WARN_UNREACHABLE_CODE = YES;
				CLANG_WARN__DUPLICATE_METHOD_MATCH = YES;
				COPY_PHASE_STRIP = NO;
				DEBUG_INFORMATION_FORMAT = dwarf;
				ENABLE_STRICT_OBJC_MSGSEND = YES;
				ENABLE_TESTABILITY = YES;
				GCC_C_LANGUAGE_STANDARD = gnu11;
				GCC_DYNAMIC_NO_PIC = NO;
				GCC_NO_COMMON_BLOCKS = YES;
				GCC_OPTIMIZATION_LEVEL = 0;
				GCC_PREPROCESSOR_DEFINITIONS = (
					"DEBUG=1",
					"$(inherited)",
				);
				GCC_WARN_64_TO_32_BIT_CONVERSION = YES;
				GCC_WARN_ABOUT_RETURN_TYPE = YES_ERROR;
				GCC_WARN_UNDECLARED_SELECTOR = YES;
				GCC_WARN_UNINITIALIZED_AUTOS = YES_AGGRESSIVE;
				GCC_WARN_UNUSED_FUNCTION = YES;
				GCC_WARN_UNUSED_VARIABLE = YES;
				IPHONEOS_DEPLOYMENT_TARGET = 15.5;
				MTL_ENABLE_DEBUG_INFO = INCLUDE_SOURCE;
				MTL_FAST_MATH = YES;
				ONLY_ACTIVE_ARCH = YES;
				SDKROOT = iphoneos;
				SWIFT_ACTIVE_COMPILATION_CONDITIONS = DEBUG;
				SWIFT_OPTIMIZATION_LEVEL = "-Onone";
			};
			name = Debug;
		};
		54D358B628DC7B6A00A3AB4D /* Release */ = {
			isa = XCBuildConfiguration;
			buildSettings = {
				ALWAYS_SEARCH_USER_PATHS = NO;
				CLANG_ANALYZER_LOCALIZABILITY_NONLOCALIZED = YES;
				CLANG_ANALYZER_NONNULL = YES;
				CLANG_ANALYZER_NUMBER_OBJECT_CONVERSION = YES_AGGRESSIVE;
				CLANG_CXX_LANGUAGE_STANDARD = "gnu++20";
				CLANG_ENABLE_MODULES = YES;
				CLANG_ENABLE_OBJC_ARC = YES;
				CLANG_ENABLE_OBJC_WEAK = YES;
				CLANG_WARN_BLOCK_CAPTURE_AUTORELEASING = YES;
				CLANG_WARN_BOOL_CONVERSION = YES;
				CLANG_WARN_COMMA = YES;
				CLANG_WARN_CONSTANT_CONVERSION = YES;
				CLANG_WARN_DEPRECATED_OBJC_IMPLEMENTATIONS = YES;
				CLANG_WARN_DIRECT_OBJC_ISA_USAGE = YES_ERROR;
				CLANG_WARN_DOCUMENTATION_COMMENTS = YES;
				CLANG_WARN_EMPTY_BODY = YES;
				CLANG_WARN_ENUM_CONVERSION = YES;
				CLANG_WARN_INFINITE_RECURSION = YES;
				CLANG_WARN_INT_CONVERSION = YES;
				CLANG_WARN_NON_LITERAL_NULL_CONVERSION = YES;
				CLANG_WARN_OBJC_IMPLICIT_RETAIN_SELF = YES;
				CLANG_WARN_OBJC_LITERAL_CONVERSION = YES;
				CLANG_WARN_OBJC_ROOT_CLASS = YES_ERROR;
				CLANG_WARN_QUOTED_INCLUDE_IN_FRAMEWORK_HEADER = YES;
				CLANG_WARN_RANGE_LOOP_ANALYSIS = YES;
				CLANG_WARN_STRICT_PROTOTYPES = YES;
				CLANG_WARN_SUSPICIOUS_MOVE = YES;
				CLANG_WARN_UNGUARDED_AVAILABILITY = YES_AGGRESSIVE;
				CLANG_WARN_UNREACHABLE_CODE = YES;
				CLANG_WARN__DUPLICATE_METHOD_MATCH = YES;
				COPY_PHASE_STRIP = NO;
				DEBUG_INFORMATION_FORMAT = "dwarf-with-dsym";
				ENABLE_NS_ASSERTIONS = NO;
				ENABLE_STRICT_OBJC_MSGSEND = YES;
				GCC_C_LANGUAGE_STANDARD = gnu11;
				GCC_NO_COMMON_BLOCKS = YES;
				GCC_WARN_64_TO_32_BIT_CONVERSION = YES;
				GCC_WARN_ABOUT_RETURN_TYPE = YES_ERROR;
				GCC_WARN_UNDECLARED_SELECTOR = YES;
				GCC_WARN_UNINITIALIZED_AUTOS = YES_AGGRESSIVE;
				GCC_WARN_UNUSED_FUNCTION = YES;
				GCC_WARN_UNUSED_VARIABLE = YES;
				IPHONEOS_DEPLOYMENT_TARGET = 15.5;
				MTL_ENABLE_DEBUG_INFO = NO;
				MTL_FAST_MATH = YES;
				SDKROOT = iphoneos;
				SWIFT_COMPILATION_MODE = wholemodule;
				SWIFT_OPTIMIZATION_LEVEL = "-O";
				VALIDATE_PRODUCT = YES;
			};
			name = Release;
		};
		54D358B828DC7B6A00A3AB4D /* Debug */ = {
			isa = XCBuildConfiguration;
			buildSettings = {
				ASSETCATALOG_COMPILER_APPICON_NAME = AppIcon;
				ASSETCATALOG_COMPILER_GLOBAL_ACCENT_COLOR_NAME = AccentColor;
				CODE_SIGN_STYLE = Automatic;
				CURRENT_PROJECT_VERSION = 18;
				DEVELOPMENT_ASSET_PATHS = "\"WonyoungCamera/Preview Content\"";
				DEVELOPMENT_TEAM = 352B2432VD;
				ENABLE_PREVIEWS = YES;
				GENERATE_INFOPLIST_FILE = YES;
				INFOPLIST_FILE = WonyoungCamera/Info.plist;
				INFOPLIST_KEY_CFBundleDisplayName = Rounder;
				INFOPLIST_KEY_LSApplicationCategoryType = "public.app-category.photography";
				INFOPLIST_KEY_NSCameraUsageDescription = "To use Rounder, please allow camera usage permission.";
				INFOPLIST_KEY_NSPhotoLibraryUsageDescription = "To use Rounder, please allow photo library usage permission.";
				INFOPLIST_KEY_UIApplicationSceneManifest_Generation = YES;
				INFOPLIST_KEY_UIApplicationSupportsIndirectInputEvents = YES;
				INFOPLIST_KEY_UILaunchScreen_Generation = YES;
				INFOPLIST_KEY_UISupportedInterfaceOrientations_iPad = "UIInterfaceOrientationPortrait UIInterfaceOrientationPortraitUpsideDown UIInterfaceOrientationLandscapeLeft UIInterfaceOrientationLandscapeRight";
				INFOPLIST_KEY_UISupportedInterfaceOrientations_iPhone = "UIInterfaceOrientationPortrait UIInterfaceOrientationLandscapeLeft UIInterfaceOrientationLandscapeRight";
				IPHONEOS_DEPLOYMENT_TARGET = 15.5;
				LD_RUNPATH_SEARCH_PATHS = (
					"$(inherited)",
					"@executable_path/Frameworks",
				);
				MARKETING_VERSION = 1.0.0;
				PRODUCT_BUNDLE_IDENTIFIER = Youngs.YoungsCamera;
				PRODUCT_NAME = "$(TARGET_NAME)";
				SUPPORTED_PLATFORMS = "iphoneos iphonesimulator";
				SUPPORTS_MACCATALYST = NO;
				SUPPORTS_MAC_DESIGNED_FOR_IPHONE_IPAD = NO;
				SWIFT_EMIT_LOC_STRINGS = YES;
				SWIFT_VERSION = 5.0;
				TARGETED_DEVICE_FAMILY = 1;
			};
			name = Debug;
		};
		54D358B928DC7B6A00A3AB4D /* Release */ = {
			isa = XCBuildConfiguration;
			buildSettings = {
				ASSETCATALOG_COMPILER_APPICON_NAME = AppIcon;
				ASSETCATALOG_COMPILER_GLOBAL_ACCENT_COLOR_NAME = AccentColor;
				CODE_SIGN_STYLE = Automatic;
				CURRENT_PROJECT_VERSION = 18;
				DEVELOPMENT_ASSET_PATHS = "\"WonyoungCamera/Preview Content\"";
				DEVELOPMENT_TEAM = 352B2432VD;
				ENABLE_PREVIEWS = YES;
				GENERATE_INFOPLIST_FILE = YES;
				INFOPLIST_FILE = WonyoungCamera/Info.plist;
				INFOPLIST_KEY_CFBundleDisplayName = Rounder;
				INFOPLIST_KEY_LSApplicationCategoryType = "public.app-category.photography";
				INFOPLIST_KEY_NSCameraUsageDescription = "To use Rounder, please allow camera usage permission.";
				INFOPLIST_KEY_NSPhotoLibraryUsageDescription = "To use Rounder, please allow photo library usage permission.";
				INFOPLIST_KEY_UIApplicationSceneManifest_Generation = YES;
				INFOPLIST_KEY_UIApplicationSupportsIndirectInputEvents = YES;
				INFOPLIST_KEY_UILaunchScreen_Generation = YES;
				INFOPLIST_KEY_UISupportedInterfaceOrientations_iPad = "UIInterfaceOrientationPortrait UIInterfaceOrientationPortraitUpsideDown UIInterfaceOrientationLandscapeLeft UIInterfaceOrientationLandscapeRight";
				INFOPLIST_KEY_UISupportedInterfaceOrientations_iPhone = "UIInterfaceOrientationPortrait UIInterfaceOrientationLandscapeLeft UIInterfaceOrientationLandscapeRight";
				IPHONEOS_DEPLOYMENT_TARGET = 15.5;
				LD_RUNPATH_SEARCH_PATHS = (
					"$(inherited)",
					"@executable_path/Frameworks",
				);
				MARKETING_VERSION = 1.0.0;
				PRODUCT_BUNDLE_IDENTIFIER = Youngs.YoungsCamera;
				PRODUCT_NAME = "$(TARGET_NAME)";
				SUPPORTED_PLATFORMS = "iphoneos iphonesimulator";
				SUPPORTS_MACCATALYST = NO;
				SUPPORTS_MAC_DESIGNED_FOR_IPHONE_IPAD = NO;
				SWIFT_EMIT_LOC_STRINGS = YES;
				SWIFT_VERSION = 5.0;
				TARGETED_DEVICE_FAMILY = 1;
			};
			name = Release;
		};
		54D358BB28DC7B6A00A3AB4D /* Debug */ = {
			isa = XCBuildConfiguration;
			buildSettings = {
				ALWAYS_EMBED_SWIFT_STANDARD_LIBRARIES = YES;
				BUNDLE_LOADER = "$(TEST_HOST)";
				CODE_SIGN_STYLE = Automatic;
				CURRENT_PROJECT_VERSION = 1;
				DEVELOPMENT_TEAM = 352B2432VD;
				GENERATE_INFOPLIST_FILE = YES;
				IPHONEOS_DEPLOYMENT_TARGET = 16.0;
				MARKETING_VERSION = 1.0;
				PRODUCT_BUNDLE_IDENTIFIER = Youngs.WonyoungCameraTests;
				PRODUCT_NAME = "$(TARGET_NAME)";
				SWIFT_EMIT_LOC_STRINGS = NO;
				SWIFT_VERSION = 5.0;
				TARGETED_DEVICE_FAMILY = "1,2";
				TEST_HOST = "$(BUILT_PRODUCTS_DIR)/WonyoungCamera.app/$(BUNDLE_EXECUTABLE_FOLDER_PATH)/WonyoungCamera";
			};
			name = Debug;
		};
		54D358BC28DC7B6A00A3AB4D /* Release */ = {
			isa = XCBuildConfiguration;
			buildSettings = {
				ALWAYS_EMBED_SWIFT_STANDARD_LIBRARIES = YES;
				BUNDLE_LOADER = "$(TEST_HOST)";
				CODE_SIGN_STYLE = Automatic;
				CURRENT_PROJECT_VERSION = 1;
				DEVELOPMENT_TEAM = 352B2432VD;
				GENERATE_INFOPLIST_FILE = YES;
				IPHONEOS_DEPLOYMENT_TARGET = 16.0;
				MARKETING_VERSION = 1.0;
				PRODUCT_BUNDLE_IDENTIFIER = Youngs.WonyoungCameraTests;
				PRODUCT_NAME = "$(TARGET_NAME)";
				SWIFT_EMIT_LOC_STRINGS = NO;
				SWIFT_VERSION = 5.0;
				TARGETED_DEVICE_FAMILY = "1,2";
				TEST_HOST = "$(BUILT_PRODUCTS_DIR)/WonyoungCamera.app/$(BUNDLE_EXECUTABLE_FOLDER_PATH)/WonyoungCamera";
			};
			name = Release;
		};
		54D358BE28DC7B6A00A3AB4D /* Debug */ = {
			isa = XCBuildConfiguration;
			buildSettings = {
				ALWAYS_EMBED_SWIFT_STANDARD_LIBRARIES = YES;
				CODE_SIGN_STYLE = Automatic;
				CURRENT_PROJECT_VERSION = 1;
				DEVELOPMENT_TEAM = 352B2432VD;
				GENERATE_INFOPLIST_FILE = YES;
				MARKETING_VERSION = 1.0;
				PRODUCT_BUNDLE_IDENTIFIER = Youngs.WonyoungCameraUITests;
				PRODUCT_NAME = "$(TARGET_NAME)";
				SWIFT_EMIT_LOC_STRINGS = NO;
				SWIFT_VERSION = 5.0;
				TARGETED_DEVICE_FAMILY = "1,2";
				TEST_TARGET_NAME = WonyoungCamera;
			};
			name = Debug;
		};
		54D358BF28DC7B6A00A3AB4D /* Release */ = {
			isa = XCBuildConfiguration;
			buildSettings = {
				ALWAYS_EMBED_SWIFT_STANDARD_LIBRARIES = YES;
				CODE_SIGN_STYLE = Automatic;
				CURRENT_PROJECT_VERSION = 1;
				DEVELOPMENT_TEAM = 352B2432VD;
				GENERATE_INFOPLIST_FILE = YES;
				MARKETING_VERSION = 1.0;
				PRODUCT_BUNDLE_IDENTIFIER = Youngs.WonyoungCameraUITests;
				PRODUCT_NAME = "$(TARGET_NAME)";
				SWIFT_EMIT_LOC_STRINGS = NO;
				SWIFT_VERSION = 5.0;
				TARGETED_DEVICE_FAMILY = "1,2";
				TEST_TARGET_NAME = WonyoungCamera;
			};
			name = Release;
		};
/* End XCBuildConfiguration section */

/* Begin XCConfigurationList section */
		54D3588E28DC7B6900A3AB4D /* Build configuration list for PBXProject "WonyoungCamera" */ = {
			isa = XCConfigurationList;
			buildConfigurations = (
				54D358B528DC7B6A00A3AB4D /* Debug */,
				54D358B628DC7B6A00A3AB4D /* Release */,
			);
			defaultConfigurationIsVisible = 0;
			defaultConfigurationName = Release;
		};
		54D358B728DC7B6A00A3AB4D /* Build configuration list for PBXNativeTarget "WonyoungCamera" */ = {
			isa = XCConfigurationList;
			buildConfigurations = (
				54D358B828DC7B6A00A3AB4D /* Debug */,
				54D358B928DC7B6A00A3AB4D /* Release */,
			);
			defaultConfigurationIsVisible = 0;
			defaultConfigurationName = Release;
		};
		54D358BA28DC7B6A00A3AB4D /* Build configuration list for PBXNativeTarget "WonyoungCameraTests" */ = {
			isa = XCConfigurationList;
			buildConfigurations = (
				54D358BB28DC7B6A00A3AB4D /* Debug */,
				54D358BC28DC7B6A00A3AB4D /* Release */,
			);
			defaultConfigurationIsVisible = 0;
			defaultConfigurationName = Release;
		};
		54D358BD28DC7B6A00A3AB4D /* Build configuration list for PBXNativeTarget "WonyoungCameraUITests" */ = {
			isa = XCConfigurationList;
			buildConfigurations = (
				54D358BE28DC7B6A00A3AB4D /* Debug */,
				54D358BF28DC7B6A00A3AB4D /* Release */,
			);
			defaultConfigurationIsVisible = 0;
			defaultConfigurationName = Release;
		};
/* End XCConfigurationList section */

/* Begin XCRemoteSwiftPackageReference section */
		545908A42913F87E00B3A658 /* XCRemoteSwiftPackageReference "Kingfisher" */ = {
			isa = XCRemoteSwiftPackageReference;
			repositoryURL = "https://github.com/onevcat/Kingfisher.git";
			requirement = {
				kind = upToNextMajorVersion;
				minimumVersion = 7.0.0;
			};
		};
		54ED1062293CCCBE00926E36 /* XCRemoteSwiftPackageReference "SwiftyStoreKit" */ = {
			isa = XCRemoteSwiftPackageReference;
			repositoryURL = "https://github.com/bizz84/SwiftyStoreKit.git";
			requirement = {
				kind = upToNextMajorVersion;
				minimumVersion = 0.9.3;
			};
		};
		6A8FFC2E291E082900000C1B /* XCRemoteSwiftPackageReference "lottie-ios" */ = {
			isa = XCRemoteSwiftPackageReference;
			repositoryURL = "https://github.com/airbnb/lottie-ios.git";
			requirement = {
				kind = upToNextMajorVersion;
				minimumVersion = 3.0.0;
			};
		};
/* End XCRemoteSwiftPackageReference section */

/* Begin XCSwiftPackageProductDependency section */
		545908A52913F87E00B3A658 /* Kingfisher */ = {
			isa = XCSwiftPackageProductDependency;
			package = 545908A42913F87E00B3A658 /* XCRemoteSwiftPackageReference "Kingfisher" */;
			productName = Kingfisher;
		};
		54ED1063293CCCBE00926E36 /* SwiftyStoreKit */ = {
			isa = XCSwiftPackageProductDependency;
			package = 54ED1062293CCCBE00926E36 /* XCRemoteSwiftPackageReference "SwiftyStoreKit" */;
			productName = SwiftyStoreKit;
		};
		6A8FFC2F291E082900000C1B /* Lottie */ = {
			isa = XCSwiftPackageProductDependency;
			package = 6A8FFC2E291E082900000C1B /* XCRemoteSwiftPackageReference "lottie-ios" */;
			productName = Lottie;
		};
/* End XCSwiftPackageProductDependency section */
	};
	rootObject = 54D3588B28DC7B6900A3AB4D /* Project object */;
}
